
Microsoft Visual Studio Solution File, Format Version 12.00
# Visual Studio Version 17
VisualStudioVersion = 17.4.33213.308
MinimumVisualStudioVersion = 10.0.40219.1
Project("{FAE04EC0-301F-11D3-BF4B-00C04F79EFBC}") = "NumBaseball", "NumBaseball.csproj", "{47207FF1-6819-4B50-ABB8-20021BE480BB}"
EndProject
Global
	GlobalSection(SolutionConfigurationPlatforms) = preSolution
		Debug|Any CPU = Debug|Any CPU
		Release|Any CPU = Release|Any CPU
	EndGlobalSection
	GlobalSection(ProjectConfigurationPlatforms) = postSolution
		{47207FF1-6819-4B50-ABB8-20021BE480BB}.Debug|Any CPU.ActiveCfg = Debug|Any CPU
		{47207FF1-6819-4B50-ABB8-20021BE480BB}.Debug|Any CPU.Build.0 = Debug|Any CPU
		{47207FF1-6819-4B50-ABB8-20021BE480BB}.Release|Any CPU.ActiveCfg = Release|Any CPU
		{47207FF1-6819-4B50-ABB8-20021BE480BB}.Release|Any CPU.Build.0 = Release|Any CPU
	EndGlobalSection
	GlobalSection(SolutionProperties) = preSolution
		HideSolutionNode = FALSE
	EndGlobalSection
	GlobalSection(ExtensibilityGlobals) = postSolution
		SolutionGuid = {FF109138-82F2-424B-AF82-5B0ECF56172F}
	EndGlobalSection
EndGlobal
